// !$*UTF8*$!
{
	archiveVersion = 1;
	classes = {
	};
	objectVersion = 54;
	objects = {

/* Begin PBXBuildFile section */
		0BC0E0638014426F939464B5 /* MiSansLatin-Heavy.otf in Resources */ = {isa = PBXBuildFile; fileRef = 1D565D49C6EE47CEAE92C2F4 /* MiSansLatin-Heavy.otf */; };
		0C80B921A6F3F58F76C31292 /* libPods-SdkUiExample.a in Frameworks */ = {isa = PBXBuildFile; fileRef = 5DCACB8F33CDC322A6C60F78 /* libPods-SdkUiExample.a */; };
		13B07FBF1A68108700A75B9A /* Images.xcassets in Resources */ = {isa = PBXBuildFile; fileRef = 13B07FB51A68108700A75B9A /* Images.xcassets */; };
		1CEFB706CC49449BAACFD739 /* MiSansLatin-Demibold.ttf in Resources */ = {isa = PBXBuildFile; fileRef = 764B869F13824EEE80C8F590 /* MiSansLatin-Demibold.ttf */; };
		1E33BDCCB82E4D29A46B7726 /* MiSansLatin-Bold.ttf in Resources */ = {isa = PBXBuildFile; fileRef = F0032663C4D64B9894B21633 /* MiSansLatin-Bold.ttf */; };
		2AA7D820EF6D23825C6E94A3 /* PrivacyInfo.xcprivacy in Resources */ = {isa = PBXBuildFile; fileRef = 13B07FB81A68108700A75B9A /* PrivacyInfo.xcprivacy */; };
		428F775B574346DE94750F4E /* MiSansLatin-Medium.ttf in Resources */ = {isa = PBXBuildFile; fileRef = D4EDA3228B3A47779D60EDB1 /* MiSansLatin-Medium.ttf */; };
		5DC82941CB6147049144E973 /* MiSansLatin-Thin.ttf in Resources */ = {isa = PBXBuildFile; fileRef = C2C9A84F09AF45198F06519B /* MiSansLatin-Thin.ttf */; };
		619E1BD98D2A47168D1D830E /* MiSansLatin-Semibold.otf in Resources */ = {isa = PBXBuildFile; fileRef = 5F0E6A086A574999B4C8172C /* MiSansLatin-Semibold.otf */; };
		674678D0E14447C28B0F340A /* MiSansLatin-Thin.otf in Resources */ = {isa = PBXBuildFile; fileRef = 6E2E90A8713345CDB86DE0EF /* MiSansLatin-Thin.otf */; };
		709568BCB50F49C8A18CEF72 /* MiSansLatin-Normal.ttf in Resources */ = {isa = PBXBuildFile; fileRef = 790C7243A8054367941D0441 /* MiSansLatin-Normal.ttf */; };
		72126F0AD1B34B40B575269C /* MiSansLatin-Semibold.ttf in Resources */ = {isa = PBXBuildFile; fileRef = E01F821EB82B4E44AF0497EB /* MiSansLatin-Semibold.ttf */; };
		761780ED2CA45674006654EE /* AppDelegate.swift in Sources */ = {isa = PBXBuildFile; fileRef = 761780EC2CA45674006654EE /* AppDelegate.swift */; };
		81AB9BB82411601600AC10FF /* LaunchScreen.storyboard in Resources */ = {isa = PBXBuildFile; fileRef = 81AB9BB72411601600AC10FF /* LaunchScreen.storyboard */; };
		8EB644E3C5624D108A09BDA4 /* MiSansLatin-Normal.otf in Resources */ = {isa = PBXBuildFile; fileRef = F6571C5D86A84BA1B45C35C2 /* MiSansLatin-Normal.otf */; };
		B142D8F2D4F2414891791D62 /* MiSansLatin-Regular.otf in Resources */ = {isa = PBXBuildFile; fileRef = 0EC321390B5344409F180C48 /* MiSansLatin-Regular.otf */; };
		B594AF89C7B044A1A60AB3EE /* SF-Pro-Display-Regular.otf in Resources */ = {isa = PBXBuildFile; fileRef = E8BA2F654F844C3D801D9BEA /* SF-Pro-Display-Regular.otf */; };
		BBFDD853B2C94D408F466677 /* SF-Pro-Display-Semibold.otf in Resources */ = {isa = PBXBuildFile; fileRef = 82965BD4031C486D82EEFB22 /* SF-Pro-Display-Semibold.otf */; };
		C31F6A51DE6B4C6BB78885E7 /* MiSansLatin-Heavy.ttf in Resources */ = {isa = PBXBuildFile; fileRef = 6295B1CA221645338B64C67A /* MiSansLatin-Heavy.ttf */; };
		CF5D2C48441F4A56BF2F4F78 /* MiSansLatin-ExtraLight.ttf in Resources */ = {isa = PBXBuildFile; fileRef = 6AA4BEFC4B89494E9D248413 /* MiSansLatin-ExtraLight.ttf */; };
		D7CCDC36EBAF47DEB77A98DA /* MiSansLatin-Demibold.otf in Resources */ = {isa = PBXBuildFile; fileRef = 47CFBEF32FBB47909B17D36E /* MiSansLatin-Demibold.otf */; };
		DC8322AEF7EB4924A5D6ACCD /* MiSansLatin-Light.ttf in Resources */ = {isa = PBXBuildFile; fileRef = 75EAA0F38909406990461F40 /* MiSansLatin-Light.ttf */; };
		DD0273C88E584AB38B0C8439 /* MiSansLatin-Bold.otf in Resources */ = {isa = PBXBuildFile; fileRef = 6A71CD66D1B045A580AB4B67 /* MiSansLatin-Bold.otf */; };
		DE156341B7334AC9BCA58069 /* selection.json in Resources */ = {isa = PBXBuildFile; fileRef = B093A1A100AD49039FEE2478 /* selection.json */; };
		E49409F76E2647229E415123 /* MiSansLatin-ExtraLight.otf in Resources */ = {isa = PBXBuildFile; fileRef = F83522E7FC5D42BE83EF2897 /* MiSansLatin-ExtraLight.otf */; };
		E5EA713124C848BB98DC6018 /* icomoon.ttf in Resources */ = {isa = PBXBuildFile; fileRef = 5DA228322B624CAC84A544C6 /* icomoon.ttf */; };
		F0DA282B7E724C7FA7DB72F0 /* MiSansLatin-Regular.ttf in Resources */ = {isa = PBXBuildFile; fileRef = A9ABC9C4996746F6B1F30EE2 /* MiSansLatin-Regular.ttf */; };
		F643588108CA4D97A3B2D17E /* MiSansLatin-Medium.otf in Resources */ = {isa = PBXBuildFile; fileRef = 0DB32A286D2943D7998CE84D /* MiSansLatin-Medium.otf */; };
		F9F46BE0CE5F486EB4DCFAB6 /* MiSansLatin-Light.otf in Resources */ = {isa = PBXBuildFile; fileRef = 6951A66034A344D3BBCA69DE /* MiSansLatin-Light.otf */; };
/* End PBXBuildFile section */

/* Begin PBXFileReference section */
		0DB32A286D2943D7998CE84D /* MiSansLatin-Medium.otf */ = {isa = PBXFileReference; explicitFileType = undefined; fileEncoding = undefined; includeInIndex = 0; lastKnownFileType = unknown; name = "MiSansLatin-Medium.otf"; path = "../../fonts/MiSansLatin-Medium.otf"; sourceTree = "<group>"; };
		0EC321390B5344409F180C48 /* MiSansLatin-Regular.otf */ = {isa = PBXFileReference; explicitFileType = undefined; fileEncoding = undefined; includeInIndex = 0; lastKnownFileType = unknown; name = "MiSansLatin-Regular.otf"; path = "../../fonts/MiSansLatin-Regular.otf"; sourceTree = "<group>"; };
		13B07F961A680F5B00A75B9A /* SdkUiExample.app */ = {isa = PBXFileReference; explicitFileType = wrapper.application; includeInIndex = 0; path = SdkUiExample.app; sourceTree = BUILT_PRODUCTS_DIR; };
		13B07FB51A68108700A75B9A /* Images.xcassets */ = {isa = PBXFileReference; lastKnownFileType = folder.assetcatalog; name = Images.xcassets; path = SdkUiExample/Images.xcassets; sourceTree = "<group>"; };
		13B07FB61A68108700A75B9A /* Info.plist */ = {isa = PBXFileReference; fileEncoding = 4; lastKnownFileType = text.plist.xml; name = Info.plist; path = SdkUiExample/Info.plist; sourceTree = "<group>"; };
		13B07FB81A68108700A75B9A /* PrivacyInfo.xcprivacy */ = {isa = PBXFileReference; fileEncoding = 4; lastKnownFileType = text.plist.xml; name = PrivacyInfo.xcprivacy; path = SdkUiExample/PrivacyInfo.xcprivacy; sourceTree = "<group>"; };
		1D565D49C6EE47CEAE92C2F4 /* MiSansLatin-Heavy.otf */ = {isa = PBXFileReference; explicitFileType = undefined; fileEncoding = undefined; includeInIndex = 0; lastKnownFileType = unknown; name = "MiSansLatin-Heavy.otf"; path = "../../fonts/MiSansLatin-Heavy.otf"; sourceTree = "<group>"; };
		3B4392A12AC88292D35C810B /* Pods-SdkUiExample.debug.xcconfig */ = {isa = PBXFileReference; includeInIndex = 1; lastKnownFileType = text.xcconfig; name = "Pods-SdkUiExample.debug.xcconfig"; path = "Target Support Files/Pods-SdkUiExample/Pods-SdkUiExample.debug.xcconfig"; sourceTree = "<group>"; };
		47CFBEF32FBB47909B17D36E /* MiSansLatin-Demibold.otf */ = {isa = PBXFileReference; explicitFileType = undefined; fileEncoding = undefined; includeInIndex = 0; lastKnownFileType = unknown; name = "MiSansLatin-Demibold.otf"; path = "../../fonts/MiSansLatin-Demibold.otf"; sourceTree = "<group>"; };
		5709B34CF0A7D63546082F79 /* Pods-SdkUiExample.release.xcconfig */ = {isa = PBXFileReference; includeInIndex = 1; lastKnownFileType = text.xcconfig; name = "Pods-SdkUiExample.release.xcconfig"; path = "Target Support Files/Pods-SdkUiExample/Pods-SdkUiExample.release.xcconfig"; sourceTree = "<group>"; };
		5DA228322B624CAC84A544C6 /* icomoon.ttf */ = {isa = PBXFileReference; explicitFileType = undefined; fileEncoding = undefined; includeInIndex = 0; lastKnownFileType = unknown; name = icomoon.ttf; path = ../../fonts/icomoon.ttf; sourceTree = "<group>"; };
		5DCACB8F33CDC322A6C60F78 /* libPods-SdkUiExample.a */ = {isa = PBXFileReference; explicitFileType = archive.ar; includeInIndex = 0; path = "libPods-SdkUiExample.a"; sourceTree = BUILT_PRODUCTS_DIR; };
		5F0E6A086A574999B4C8172C /* MiSansLatin-Semibold.otf */ = {isa = PBXFileReference; explicitFileType = undefined; fileEncoding = undefined; includeInIndex = 0; lastKnownFileType = unknown; name = "MiSansLatin-Semibold.otf"; path = "../../fonts/MiSansLatin-Semibold.otf"; sourceTree = "<group>"; };
		6295B1CA221645338B64C67A /* MiSansLatin-Heavy.ttf */ = {isa = PBXFileReference; explicitFileType = undefined; fileEncoding = undefined; includeInIndex = 0; lastKnownFileType = unknown; name = "MiSansLatin-Heavy.ttf"; path = "../../fonts/MiSansLatin-Heavy.ttf"; sourceTree = "<group>"; };
		6951A66034A344D3BBCA69DE /* MiSansLatin-Light.otf */ = {isa = PBXFileReference; explicitFileType = undefined; fileEncoding = undefined; includeInIndex = 0; lastKnownFileType = unknown; name = "MiSansLatin-Light.otf"; path = "../../fonts/MiSansLatin-Light.otf"; sourceTree = "<group>"; };
		6A71CD66D1B045A580AB4B67 /* MiSansLatin-Bold.otf */ = {isa = PBXFileReference; explicitFileType = undefined; fileEncoding = undefined; includeInIndex = 0; lastKnownFileType = unknown; name = "MiSansLatin-Bold.otf"; path = "../../fonts/MiSansLatin-Bold.otf"; sourceTree = "<group>"; };
		6AA4BEFC4B89494E9D248413 /* MiSansLatin-ExtraLight.ttf */ = {isa = PBXFileReference; explicitFileType = undefined; fileEncoding = undefined; includeInIndex = 0; lastKnownFileType = unknown; name = "MiSansLatin-ExtraLight.ttf"; path = "../../fonts/MiSansLatin-ExtraLight.ttf"; sourceTree = "<group>"; };
		6E2E90A8713345CDB86DE0EF /* MiSansLatin-Thin.otf */ = {isa = PBXFileReference; explicitFileType = undefined; fileEncoding = undefined; includeInIndex = 0; lastKnownFileType = unknown; name = "MiSansLatin-Thin.otf"; path = "../../fonts/MiSansLatin-Thin.otf"; sourceTree = "<group>"; };
		75EAA0F38909406990461F40 /* MiSansLatin-Light.ttf */ = {isa = PBXFileReference; explicitFileType = undefined; fileEncoding = undefined; includeInIndex = 0; lastKnownFileType = unknown; name = "MiSansLatin-Light.ttf"; path = "../../fonts/MiSansLatin-Light.ttf"; sourceTree = "<group>"; };
		761780EC2CA45674006654EE /* AppDelegate.swift */ = {isa = PBXFileReference; lastKnownFileType = sourcecode.swift; name = AppDelegate.swift; path = SdkUiExample/AppDelegate.swift; sourceTree = "<group>"; };
		764B869F13824EEE80C8F590 /* MiSansLatin-Demibold.ttf */ = {isa = PBXFileReference; explicitFileType = undefined; fileEncoding = undefined; includeInIndex = 0; lastKnownFileType = unknown; name = "MiSansLatin-Demibold.ttf"; path = "../../fonts/MiSansLatin-Demibold.ttf"; sourceTree = "<group>"; };
		790C7243A8054367941D0441 /* MiSansLatin-Normal.ttf */ = {isa = PBXFileReference; explicitFileType = undefined; fileEncoding = undefined; includeInIndex = 0; lastKnownFileType = unknown; name = "MiSansLatin-Normal.ttf"; path = "../../fonts/MiSansLatin-Normal.ttf"; sourceTree = "<group>"; };
		81AB9BB72411601600AC10FF /* LaunchScreen.storyboard */ = {isa = PBXFileReference; fileEncoding = 4; lastKnownFileType = file.storyboard; name = LaunchScreen.storyboard; path = SdkUiExample/LaunchScreen.storyboard; sourceTree = "<group>"; };
		82965BD4031C486D82EEFB22 /* SF-Pro-Display-Semibold.otf */ = {isa = PBXFileReference; explicitFileType = undefined; fileEncoding = undefined; includeInIndex = 0; lastKnownFileType = unknown; name = "SF-Pro-Display-Semibold.otf"; path = "../../fonts/SF-Pro-Display-Semibold.otf"; sourceTree = "<group>"; };
		A9ABC9C4996746F6B1F30EE2 /* MiSansLatin-Regular.ttf */ = {isa = PBXFileReference; explicitFileType = undefined; fileEncoding = undefined; includeInIndex = 0; lastKnownFileType = unknown; name = "MiSansLatin-Regular.ttf"; path = "../../fonts/MiSansLatin-Regular.ttf"; sourceTree = "<group>"; };
		B093A1A100AD49039FEE2478 /* selection.json */ = {isa = PBXFileReference; explicitFileType = undefined; fileEncoding = undefined; includeInIndex = 0; lastKnownFileType = unknown; name = selection.json; path = ../../fonts/selection.json; sourceTree = "<group>"; };
		C2C9A84F09AF45198F06519B /* MiSansLatin-Thin.ttf */ = {isa = PBXFileReference; explicitFileType = undefined; fileEncoding = undefined; includeInIndex = 0; lastKnownFileType = unknown; name = "MiSansLatin-Thin.ttf"; path = "../../fonts/MiSansLatin-Thin.ttf"; sourceTree = "<group>"; };
		D4EDA3228B3A47779D60EDB1 /* MiSansLatin-Medium.ttf */ = {isa = PBXFileReference; explicitFileType = undefined; fileEncoding = undefined; includeInIndex = 0; lastKnownFileType = unknown; name = "MiSansLatin-Medium.ttf"; path = "../../fonts/MiSansLatin-Medium.ttf"; sourceTree = "<group>"; };
		E01F821EB82B4E44AF0497EB /* MiSansLatin-Semibold.ttf */ = {isa = PBXFileReference; explicitFileType = undefined; fileEncoding = undefined; includeInIndex = 0; lastKnownFileType = unknown; name = "MiSansLatin-Semibold.ttf"; path = "../../fonts/MiSansLatin-Semibold.ttf"; sourceTree = "<group>"; };
		E8BA2F654F844C3D801D9BEA /* SF-Pro-Display-Regular.otf */ = {isa = PBXFileReference; explicitFileType = undefined; fileEncoding = undefined; includeInIndex = 0; lastKnownFileType = unknown; name = "SF-Pro-Display-Regular.otf"; path = "../../fonts/SF-Pro-Display-Regular.otf"; sourceTree = "<group>"; };
		ED297162215061F000B7C4FE /* JavaScriptCore.framework */ = {isa = PBXFileReference; lastKnownFileType = wrapper.framework; name = JavaScriptCore.framework; path = System/Library/Frameworks/JavaScriptCore.framework; sourceTree = SDKROOT; };
		F0032663C4D64B9894B21633 /* MiSansLatin-Bold.ttf */ = {isa = PBXFileReference; explicitFileType = undefined; fileEncoding = undefined; includeInIndex = 0; lastKnownFileType = unknown; name = "MiSansLatin-Bold.ttf"; path = "../../fonts/MiSansLatin-Bold.ttf"; sourceTree = "<group>"; };
		F6571C5D86A84BA1B45C35C2 /* MiSansLatin-Normal.otf */ = {isa = PBXFileReference; explicitFileType = undefined; fileEncoding = undefined; includeInIndex = 0; lastKnownFileType = unknown; name = "MiSansLatin-Normal.otf"; path = "../../fonts/MiSansLatin-Normal.otf"; sourceTree = "<group>"; };
		F83522E7FC5D42BE83EF2897 /* MiSansLatin-ExtraLight.otf */ = {isa = PBXFileReference; explicitFileType = undefined; fileEncoding = undefined; includeInIndex = 0; lastKnownFileType = unknown; name = "MiSansLatin-ExtraLight.otf"; path = "../../fonts/MiSansLatin-ExtraLight.otf"; sourceTree = "<group>"; };
/* End PBXFileReference section */

/* Begin PBXFrameworksBuildPhase section */
		13B07F8C1A680F5B00A75B9A /* Frameworks */ = {
			isa = PBXFrameworksBuildPhase;
			buildActionMask = 2147483647;
			files = (
				0C80B921A6F3F58F76C31292 /* libPods-SdkUiExample.a in Frameworks */,
			);
			runOnlyForDeploymentPostprocessing = 0;
		};
/* End PBXFrameworksBuildPhase section */

/* Begin PBXGroup section */
		13B07FAE1A68108700A75B9A /* SdkUiExample */ = {
			isa = PBXGroup;
			children = (
				13B07FB51A68108700A75B9A /* Images.xcassets */,
				761780EC2CA45674006654EE /* AppDelegate.swift */,
				13B07FB61A68108700A75B9A /* Info.plist */,
				81AB9BB72411601600AC10FF /* LaunchScreen.storyboard */,
				13B07FB81A68108700A75B9A /* PrivacyInfo.xcprivacy */,
			);
			name = SdkUiExample;
			sourceTree = "<group>";
		};
		2D16E6871FA4F8E400B85C8A /* Frameworks */ = {
			isa = PBXGroup;
			children = (
				ED297162215061F000B7C4FE /* JavaScriptCore.framework */,
				5DCACB8F33CDC322A6C60F78 /* libPods-SdkUiExample.a */,
			);
			name = Frameworks;
			sourceTree = "<group>";
		};
		832341AE1AAA6A7D00B99B32 /* Libraries */ = {
			isa = PBXGroup;
			children = (
			);
			name = Libraries;
			sourceTree = "<group>";
		};
		83CBB9F61A601CBA00E9B192 = {
			isa = PBXGroup;
			children = (
				13B07FAE1A68108700A75B9A /* SdkUiExample */,
				832341AE1AAA6A7D00B99B32 /* Libraries */,
				83CBBA001A601CBA00E9B192 /* Products */,
				2D16E6871FA4F8E400B85C8A /* Frameworks */,
				BBD78D7AC51CEA395F1C20DB /* Pods */,
				D6FCD833AA1B405DA3E35732 /* Resources */,
			);
			indentWidth = 2;
			sourceTree = "<group>";
			tabWidth = 2;
			usesTabs = 0;
		};
		83CBBA001A601CBA00E9B192 /* Products */ = {
			isa = PBXGroup;
			children = (
				13B07F961A680F5B00A75B9A /* SdkUiExample.app */,
			);
			name = Products;
			sourceTree = "<group>";
		};
		BBD78D7AC51CEA395F1C20DB /* Pods */ = {
			isa = PBXGroup;
			children = (
				3B4392A12AC88292D35C810B /* Pods-SdkUiExample.debug.xcconfig */,
				5709B34CF0A7D63546082F79 /* Pods-SdkUiExample.release.xcconfig */,
			);
			path = Pods;
			sourceTree = "<group>";
		};
		D6FCD833AA1B405DA3E35732 /* Resources */ = {
			isa = PBXGroup;
			children = (
				6A71CD66D1B045A580AB4B67 /* MiSansLatin-Bold.otf */,
				47CFBEF32FBB47909B17D36E /* MiSansLatin-Demibold.otf */,
				F83522E7FC5D42BE83EF2897 /* MiSansLatin-ExtraLight.otf */,
				1D565D49C6EE47CEAE92C2F4 /* MiSansLatin-Heavy.otf */,
				6951A66034A344D3BBCA69DE /* MiSansLatin-Light.otf */,
				0DB32A286D2943D7998CE84D /* MiSansLatin-Medium.otf */,
				F6571C5D86A84BA1B45C35C2 /* MiSansLatin-Normal.otf */,
				0EC321390B5344409F180C48 /* MiSansLatin-Regular.otf */,
				5F0E6A086A574999B4C8172C /* MiSansLatin-Semibold.otf */,
				6E2E90A8713345CDB86DE0EF /* MiSansLatin-Thin.otf */,
				E8BA2F654F844C3D801D9BEA /* SF-Pro-Display-Regular.otf */,
				82965BD4031C486D82EEFB22 /* SF-Pro-Display-Semibold.otf */,
				F0032663C4D64B9894B21633 /* MiSansLatin-Bold.ttf */,
				764B869F13824EEE80C8F590 /* MiSansLatin-Demibold.ttf */,
				6AA4BEFC4B89494E9D248413 /* MiSansLatin-ExtraLight.ttf */,
				6295B1CA221645338B64C67A /* MiSansLatin-Heavy.ttf */,
				75EAA0F38909406990461F40 /* MiSansLatin-Light.ttf */,
				D4EDA3228B3A47779D60EDB1 /* MiSansLatin-Medium.ttf */,
				790C7243A8054367941D0441 /* MiSansLatin-Normal.ttf */,
				A9ABC9C4996746F6B1F30EE2 /* MiSansLatin-Regular.ttf */,
				E01F821EB82B4E44AF0497EB /* MiSansLatin-Semibold.ttf */,
				C2C9A84F09AF45198F06519B /* MiSansLatin-Thin.ttf */,
				5DA228322B624CAC84A544C6 /* icomoon.ttf */,
				B093A1A100AD49039FEE2478 /* selection.json */,
			);
			name = Resources;
			path = "";
			sourceTree = "<group>";
		};
/* End PBXGroup section */

/* Begin PBXNativeTarget section */
		13B07F861A680F5B00A75B9A /* SdkUiExample */ = {
			isa = PBXNativeTarget;
			buildConfigurationList = 13B07F931A680F5B00A75B9A /* Build configuration list for PBXNativeTarget "SdkUiExample" */;
			buildPhases = (
				C38B50BA6285516D6DCD4F65 /* [CP] Check Pods Manifest.lock */,
				13B07F871A680F5B00A75B9A /* Sources */,
				13B07F8C1A680F5B00A75B9A /* Frameworks */,
				13B07F8E1A680F5B00A75B9A /* Resources */,
				00DD1BFF1BD5951E006B06BC /* Bundle React Native code and images */,
				00EEFC60759A1932668264C0 /* [CP] Embed Pods Frameworks */,
				E235C05ADACE081382539298 /* [CP] Copy Pods Resources */,
			);
			buildRules = (
			);
			dependencies = (
			);
			name = SdkUiExample;
			productName = SdkUiExample;
			productReference = 13B07F961A680F5B00A75B9A /* SdkUiExample.app */;
			productType = "com.apple.product-type.application";
		};
/* End PBXNativeTarget section */

/* Begin PBXProject section */
		83CBB9F71A601CBA00E9B192 /* Project object */ = {
			isa = PBXProject;
			attributes = {
				LastUpgradeCheck = 1210;
				TargetAttributes = {
					13B07F861A680F5B00A75B9A = {
						LastSwiftMigration = 1120;
					};
				};
			};
			buildConfigurationList = 83CBB9FA1A601CBA00E9B192 /* Build configuration list for PBXProject "SdkUiExample" */;
			compatibilityVersion = "Xcode 12.0";
			developmentRegion = en;
			hasScannedForEncodings = 0;
			knownRegions = (
				en,
				Base,
			);
			mainGroup = 83CBB9F61A601CBA00E9B192;
			productRefGroup = 83CBBA001A601CBA00E9B192 /* Products */;
			projectDirPath = "";
			projectRoot = "";
			targets = (
				13B07F861A680F5B00A75B9A /* SdkUiExample */,
			);
		};
/* End PBXProject section */

/* Begin PBXResourcesBuildPhase section */
		13B07F8E1A680F5B00A75B9A /* Resources */ = {
			isa = PBXResourcesBuildPhase;
			buildActionMask = 2147483647;
			files = (
				81AB9BB82411601600AC10FF /* LaunchScreen.storyboard in Resources */,
				13B07FBF1A68108700A75B9A /* Images.xcassets in Resources */,
				2AA7D820EF6D23825C6E94A3 /* PrivacyInfo.xcprivacy in Resources */,
				DD0273C88E584AB38B0C8439 /* MiSansLatin-Bold.otf in Resources */,
				D7CCDC36EBAF47DEB77A98DA /* MiSansLatin-Demibold.otf in Resources */,
				E49409F76E2647229E415123 /* MiSansLatin-ExtraLight.otf in Resources */,
				0BC0E0638014426F939464B5 /* MiSansLatin-Heavy.otf in Resources */,
				F9F46BE0CE5F486EB4DCFAB6 /* MiSansLatin-Light.otf in Resources */,
				F643588108CA4D97A3B2D17E /* MiSansLatin-Medium.otf in Resources */,
				8EB644E3C5624D108A09BDA4 /* MiSansLatin-Normal.otf in Resources */,
				B142D8F2D4F2414891791D62 /* MiSansLatin-Regular.otf in Resources */,
				619E1BD98D2A47168D1D830E /* MiSansLatin-Semibold.otf in Resources */,
				674678D0E14447C28B0F340A /* MiSansLatin-Thin.otf in Resources */,
				B594AF89C7B044A1A60AB3EE /* SF-Pro-Display-Regular.otf in Resources */,
				BBFDD853B2C94D408F466677 /* SF-Pro-Display-Semibold.otf in Resources */,
				1E33BDCCB82E4D29A46B7726 /* MiSansLatin-Bold.ttf in Resources */,
				1CEFB706CC49449BAACFD739 /* MiSansLatin-Demibold.ttf in Resources */,
				CF5D2C48441F4A56BF2F4F78 /* MiSansLatin-ExtraLight.ttf in Resources */,
				C31F6A51DE6B4C6BB78885E7 /* MiSansLatin-Heavy.ttf in Resources */,
				DC8322AEF7EB4924A5D6ACCD /* MiSansLatin-Light.ttf in Resources */,
				428F775B574346DE94750F4E /* MiSansLatin-Medium.ttf in Resources */,
				709568BCB50F49C8A18CEF72 /* MiSansLatin-Normal.ttf in Resources */,
				F0DA282B7E724C7FA7DB72F0 /* MiSansLatin-Regular.ttf in Resources */,
				72126F0AD1B34B40B575269C /* MiSansLatin-Semibold.ttf in Resources */,
				5DC82941CB6147049144E973 /* MiSansLatin-Thin.ttf in Resources */,
				E5EA713124C848BB98DC6018 /* icomoon.ttf in Resources */,
				DE156341B7334AC9BCA58069 /* selection.json in Resources */,
			);
			runOnlyForDeploymentPostprocessing = 0;
		};
/* End PBXResourcesBuildPhase section */

/* Begin PBXShellScriptBuildPhase section */
		00DD1BFF1BD5951E006B06BC /* Bundle React Native code and images */ = {
			isa = PBXShellScriptBuildPhase;
			buildActionMask = 2147483647;
			files = (
			);
			inputPaths = (
				"$(SRCROOT)/.xcode.env.local",
				"$(SRCROOT)/.xcode.env",
			);
			name = "Bundle React Native code and images";
			outputPaths = (
			);
			runOnlyForDeploymentPostprocessing = 0;
			shellPath = /bin/sh;
			shellScript = "set -e\n\nWITH_ENVIRONMENT=\"$REACT_NATIVE_PATH/scripts/xcode/with-environment.sh\"\nREACT_NATIVE_XCODE=\"$REACT_NATIVE_PATH/scripts/react-native-xcode.sh\"\n\n/bin/sh -c \"$WITH_ENVIRONMENT $REACT_NATIVE_XCODE\"\n";
		};
		00EEFC60759A1932668264C0 /* [CP] Embed Pods Frameworks */ = {
			isa = PBXShellScriptBuildPhase;
			buildActionMask = 2147483647;
			files = (
			);
			inputFileListPaths = (
				"${PODS_ROOT}/Target Support Files/Pods-SdkUiExample/Pods-SdkUiExample-frameworks-${CONFIGURATION}-input-files.xcfilelist",
			);
			name = "[CP] Embed Pods Frameworks";
			outputFileListPaths = (
				"${PODS_ROOT}/Target Support Files/Pods-SdkUiExample/Pods-SdkUiExample-frameworks-${CONFIGURATION}-output-files.xcfilelist",
			);
			runOnlyForDeploymentPostprocessing = 0;
			shellPath = /bin/sh;
			shellScript = "\"${PODS_ROOT}/Target Support Files/Pods-SdkUiExample/Pods-SdkUiExample-frameworks.sh\"\n";
			showEnvVarsInLog = 0;
		};
		C38B50BA6285516D6DCD4F65 /* [CP] Check Pods Manifest.lock */ = {
			isa = PBXShellScriptBuildPhase;
			buildActionMask = 2147483647;
			files = (
			);
			inputFileListPaths = (
			);
			inputPaths = (
				"${PODS_PODFILE_DIR_PATH}/Podfile.lock",
				"${PODS_ROOT}/Manifest.lock",
			);
			name = "[CP] Check Pods Manifest.lock";
			outputFileListPaths = (
			);
			outputPaths = (
				"$(DERIVED_FILE_DIR)/Pods-SdkUiExample-checkManifestLockResult.txt",
			);
			runOnlyForDeploymentPostprocessing = 0;
			shellPath = /bin/sh;
			shellScript = "diff \"${PODS_PODFILE_DIR_PATH}/Podfile.lock\" \"${PODS_ROOT}/Manifest.lock\" > /dev/null\nif [ $? != 0 ] ; then\n    # print error to STDERR\n    echo \"error: The sandbox is not in sync with the Podfile.lock. Run 'pod install' or update your CocoaPods installation.\" >&2\n    exit 1\nfi\n# This output is used by Xcode 'outputs' to avoid re-running this script phase.\necho \"SUCCESS\" > \"${SCRIPT_OUTPUT_FILE_0}\"\n";
			showEnvVarsInLog = 0;
		};
		E235C05ADACE081382539298 /* [CP] Copy Pods Resources */ = {
			isa = PBXShellScriptBuildPhase;
			buildActionMask = 2147483647;
			files = (
			);
			inputFileListPaths = (
				"${PODS_ROOT}/Target Support Files/Pods-SdkUiExample/Pods-SdkUiExample-resources-${CONFIGURATION}-input-files.xcfilelist",
			);
			name = "[CP] Copy Pods Resources";
			outputFileListPaths = (
				"${PODS_ROOT}/Target Support Files/Pods-SdkUiExample/Pods-SdkUiExample-resources-${CONFIGURATION}-output-files.xcfilelist",
			);
			runOnlyForDeploymentPostprocessing = 0;
			shellPath = /bin/sh;
			shellScript = "\"${PODS_ROOT}/Target Support Files/Pods-SdkUiExample/Pods-SdkUiExample-resources.sh\"\n";
			showEnvVarsInLog = 0;
		};
/* End PBXShellScriptBuildPhase section */

/* Begin PBXSourcesBuildPhase section */
		13B07F871A680F5B00A75B9A /* Sources */ = {
			isa = PBXSourcesBuildPhase;
			buildActionMask = 2147483647;
			files = (
				761780ED2CA45674006654EE /* AppDelegate.swift in Sources */,
			);
			runOnlyForDeploymentPostprocessing = 0;
		};
/* End PBXSourcesBuildPhase section */

/* Begin XCBuildConfiguration section */
		13B07F941A680F5B00A75B9A /* Debug */ = {
			isa = XCBuildConfiguration;
			baseConfigurationReference = 3B4392A12AC88292D35C810B /* Pods-SdkUiExample.debug.xcconfig */;
			buildSettings = {
				ASSETCATALOG_COMPILER_APPICON_NAME = AppIcon;
				CLANG_ENABLE_MODULES = YES;
				CURRENT_PROJECT_VERSION = 1;
				ENABLE_BITCODE = NO;
				INFOPLIST_FILE = SdkUiExample/Info.plist;
				IPHONEOS_DEPLOYMENT_TARGET = 15.1;
				LD_RUNPATH_SEARCH_PATHS = (
					"$(inherited)",
					"@executable_path/Frameworks",
				);
				MARKETING_VERSION = 1.0;
				OTHER_LDFLAGS = (
					"$(inherited)",
					"-ObjC",
					"-lc++",
				);
				PRODUCT_BUNDLE_IDENTIFIER = coin98.sdkui.example;
				PRODUCT_NAME = SdkUiExample;
				SWIFT_OPTIMIZATION_LEVEL = "-Onone";
				SWIFT_VERSION = 5.0;
				VERSIONING_SYSTEM = "apple-generic";
			};
			name = Debug;
		};
		13B07F951A680F5B00A75B9A /* Release */ = {
			isa = XCBuildConfiguration;
			baseConfigurationReference = 5709B34CF0A7D63546082F79 /* Pods-SdkUiExample.release.xcconfig */;
			buildSettings = {
				ASSETCATALOG_COMPILER_APPICON_NAME = AppIcon;
				CLANG_ENABLE_MODULES = YES;
				CURRENT_PROJECT_VERSION = 1;
				INFOPLIST_FILE = SdkUiExample/Info.plist;
				IPHONEOS_DEPLOYMENT_TARGET = 15.1;
				LD_RUNPATH_SEARCH_PATHS = (
					"$(inherited)",
					"@executable_path/Frameworks",
				);
				MARKETING_VERSION = 1.0;
				OTHER_LDFLAGS = (
					"$(inherited)",
					"-ObjC",
					"-lc++",
				);
				PRODUCT_BUNDLE_IDENTIFIER = coin98.sdkui.example;
				PRODUCT_NAME = SdkUiExample;
				SWIFT_VERSION = 5.0;
				VERSIONING_SYSTEM = "apple-generic";
			};
			name = Release;
		};
		83CBBA201A601CBA00E9B192 /* Debug */ = {
			isa = XCBuildConfiguration;
			buildSettings = {
				ALWAYS_SEARCH_USER_PATHS = NO;
				CLANG_ANALYZER_LOCALIZABILITY_NONLOCALIZED = YES;
				CLANG_CXX_LANGUAGE_STANDARD = "c++20";
				CLANG_CXX_LIBRARY = "libc++";
				CLANG_ENABLE_MODULES = YES;
				CLANG_ENABLE_OBJC_ARC = YES;
				CLANG_WARN_BLOCK_CAPTURE_AUTORELEASING = YES;
				CLANG_WARN_BOOL_CONVERSION = YES;
				CLANG_WARN_COMMA = YES;
				CLANG_WARN_CONSTANT_CONVERSION = YES;
				CLANG_WARN_DEPRECATED_OBJC_IMPLEMENTATIONS = YES;
				CLANG_WARN_DIRECT_OBJC_ISA_USAGE = YES_ERROR;
				CLANG_WARN_EMPTY_BODY = YES;
				CLANG_WARN_ENUM_CONVERSION = YES;
				CLANG_WARN_INFINITE_RECURSION = YES;
				CLANG_WARN_INT_CONVERSION = YES;
				CLANG_WARN_NON_LITERAL_NULL_CONVERSION = YES;
				CLANG_WARN_OBJC_IMPLICIT_RETAIN_SELF = YES;
				CLANG_WARN_OBJC_LITERAL_CONVERSION = YES;
				CLANG_WARN_OBJC_ROOT_CLASS = YES_ERROR;
				CLANG_WARN_QUOTED_INCLUDE_IN_FRAMEWORK_HEADER = YES;
				CLANG_WARN_RANGE_LOOP_ANALYSIS = YES;
				CLANG_WARN_STRICT_PROTOTYPES = YES;
				CLANG_WARN_SUSPICIOUS_MOVE = YES;
				CLANG_WARN_UNREACHABLE_CODE = YES;
				CLANG_WARN__DUPLICATE_METHOD_MATCH = YES;
				"CODE_SIGN_IDENTITY[sdk=iphoneos*]" = "iPhone Developer";
				COPY_PHASE_STRIP = NO;
				ENABLE_STRICT_OBJC_MSGSEND = YES;
				ENABLE_TESTABILITY = YES;
				"EXCLUDED_ARCHS[sdk=iphonesimulator*]" = "";
				GCC_C_LANGUAGE_STANDARD = gnu99;
				GCC_DYNAMIC_NO_PIC = NO;
				GCC_NO_COMMON_BLOCKS = YES;
				GCC_OPTIMIZATION_LEVEL = 0;
				GCC_PREPROCESSOR_DEFINITIONS = (
					"DEBUG=1",
					"$(inherited)",
				);
				GCC_SYMBOLS_PRIVATE_EXTERN = NO;
				GCC_WARN_64_TO_32_BIT_CONVERSION = YES;
				GCC_WARN_ABOUT_RETURN_TYPE = YES_ERROR;
				GCC_WARN_UNDECLARED_SELECTOR = YES;
				GCC_WARN_UNINITIALIZED_AUTOS = YES_AGGRESSIVE;
				GCC_WARN_UNUSED_FUNCTION = YES;
				GCC_WARN_UNUSED_VARIABLE = YES;
				IPHONEOS_DEPLOYMENT_TARGET = 15.1;
				LD_RUNPATH_SEARCH_PATHS = (
					/usr/lib/swift,
					"$(inherited)",
				);
				LIBRARY_SEARCH_PATHS = (
					"\"$(SDKROOT)/usr/lib/swift\"",
					"\"$(TOOLCHAIN_DIR)/usr/lib/swift/$(PLATFORM_NAME)\"",
					"\"$(inherited)\"",
				);
				MTL_ENABLE_DEBUG_INFO = YES;
				ONLY_ACTIVE_ARCH = YES;
				OTHER_CPLUSPLUSFLAGS = (
					"$(OTHER_CFLAGS)",
					"-DFOLLY_NO_CONFIG",
					"-DFOLLY_MOBILE=1",
					"-DFOLLY_USE_LIBCPP=1",
					"-DFOLLY_CFG_NO_COROUTINES=1",
					"-DFOLLY_HAVE_CLOCK_GETTIME=1",
				);
				REACT_NATIVE_PATH = "${PODS_ROOT}/../../node_modules/react-native";
				SDKROOT = iphoneos;
				SWIFT_ACTIVE_COMPILATION_CONDITIONS = "$(inherited) DEBUG";
				USE_HERMES = true;
			};
			name = Debug;
		};
		83CBBA211A601CBA00E9B192 /* Release */ = {
			isa = XCBuildConfiguration;
			buildSettings = {
				ALWAYS_SEARCH_USER_PATHS = NO;
				CLANG_ANALYZER_LOCALIZABILITY_NONLOCALIZED = YES;
				CLANG_CXX_LANGUAGE_STANDARD = "c++20";
				CLANG_CXX_LIBRARY = "libc++";
				CLANG_ENABLE_MODULES = YES;
				CLANG_ENABLE_OBJC_ARC = YES;
				CLANG_WARN_BLOCK_CAPTURE_AUTORELEASING = YES;
				CLANG_WARN_BOOL_CONVERSION = YES;
				CLANG_WARN_COMMA = YES;
				CLANG_WARN_CONSTANT_CONVERSION = YES;
				CLANG_WARN_DEPRECATED_OBJC_IMPLEMENTATIONS = YES;
				CLANG_WARN_DIRECT_OBJC_ISA_USAGE = YES_ERROR;
				CLANG_WARN_EMPTY_BODY = YES;
				CLANG_WARN_ENUM_CONVERSION = YES;
				CLANG_WARN_INFINITE_RECURSION = YES;
				CLANG_WARN_INT_CONVERSION = YES;
				CLANG_WARN_NON_LITERAL_NULL_CONVERSION = YES;
				CLANG_WARN_OBJC_IMPLICIT_RETAIN_SELF = YES;
				CLANG_WARN_OBJC_LITERAL_CONVERSION = YES;
				CLANG_WARN_OBJC_ROOT_CLASS = YES_ERROR;
				CLANG_WARN_QUOTED_INCLUDE_IN_FRAMEWORK_HEADER = YES;
				CLANG_WARN_RANGE_LOOP_ANALYSIS = YES;
				CLANG_WARN_STRICT_PROTOTYPES = YES;
				CLANG_WARN_SUSPICIOUS_MOVE = YES;
				CLANG_WARN_UNREACHABLE_CODE = YES;
				CLANG_WARN__DUPLICATE_METHOD_MATCH = YES;
				"CODE_SIGN_IDENTITY[sdk=iphoneos*]" = "iPhone Developer";
				COPY_PHASE_STRIP = YES;
				ENABLE_NS_ASSERTIONS = NO;
				ENABLE_STRICT_OBJC_MSGSEND = YES;
				"EXCLUDED_ARCHS[sdk=iphonesimulator*]" = "";
				GCC_C_LANGUAGE_STANDARD = gnu99;
				GCC_NO_COMMON_BLOCKS = YES;
				GCC_WARN_64_TO_32_BIT_CONVERSION = YES;
				GCC_WARN_ABOUT_RETURN_TYPE = YES_ERROR;
				GCC_WARN_UNDECLARED_SELECTOR = YES;
				GCC_WARN_UNINITIALIZED_AUTOS = YES_AGGRESSIVE;
				GCC_WARN_UNUSED_FUNCTION = YES;
				GCC_WARN_UNUSED_VARIABLE = YES;
				IPHONEOS_DEPLOYMENT_TARGET = 15.1;
				LD_RUNPATH_SEARCH_PATHS = (
					/usr/lib/swift,
					"$(inherited)",
				);
				LIBRARY_SEARCH_PATHS = (
					"\"$(SDKROOT)/usr/lib/swift\"",
					"\"$(TOOLCHAIN_DIR)/usr/lib/swift/$(PLATFORM_NAME)\"",
					"\"$(inherited)\"",
				);
				MTL_ENABLE_DEBUG_INFO = NO;
				OTHER_CPLUSPLUSFLAGS = (
					"$(OTHER_CFLAGS)",
					"-DFOLLY_NO_CONFIG",
					"-DFOLLY_MOBILE=1",
					"-DFOLLY_USE_LIBCPP=1",
					"-DFOLLY_CFG_NO_COROUTINES=1",
					"-DFOLLY_HAVE_CLOCK_GETTIME=1",
				);
				REACT_NATIVE_PATH = "${PODS_ROOT}/../../node_modules/react-native";
				SDKROOT = iphoneos;
				USE_HERMES = true;
				VALIDATE_PRODUCT = YES;
			};
			name = Release;
		};
/* End XCBuildConfiguration section */

/* Begin XCConfigurationList section */
		13B07F931A680F5B00A75B9A /* Build configuration list for PBXNativeTarget "SdkUiExample" */ = {
			isa = XCConfigurationList;
			buildConfigurations = (
				13B07F941A680F5B00A75B9A /* Debug */,
				13B07F951A680F5B00A75B9A /* Release */,
			);
			defaultConfigurationIsVisible = 0;
			defaultConfigurationName = Release;
		};
		83CBB9FA1A601CBA00E9B192 /* Build configuration list for PBXProject "SdkUiExample" */ = {
			isa = XCConfigurationList;
			buildConfigurations = (
				83CBBA201A601CBA00E9B192 /* Debug */,
				83CBBA211A601CBA00E9B192 /* Release */,
			);
			defaultConfigurationIsVisible = 0;
			defaultConfigurationName = Release;
		};
/* End XCConfigurationList section */
	};
	rootObject = 83CBB9F71A601CBA00E9B192 /* Project object */;
}
